%{"boilerplate_generator": {:git, "https://github.com/nanaki04/boilerplate_generator.git", "3a20f561966df7fe06096ad441f0b69af8d39f82", []},
  "c_sharp_code_generator": {:git, "https://github.com/nanaki04/c_sharp_code_generator.git", "aaaf92403a9e0c12d2726d42c1218c13b228b7ad", []},
  "code_parser_state": {:git, "https://github.com/nanaki04/code_parser_state.git", "017f80e15fa49fffcd19a50c2e5b041b699c13c5", []},
  "dialyxir": {:hex, :dialyxir, "0.5.1", "b331b091720fd93e878137add264bac4f644e1ddae07a70bf7062c7862c4b952", [:mix], [], "hexpm"},
  "earmark": {:hex, :earmark, "1.2.4", "99b637c62a4d65a20a9fb674b8cffb8baa771c04605a80c911c4418c69b75439", [:mix], [], "hexpm"},
  "ex_doc": {:hex, :ex_doc, "0.18.3", "f4b0e4a2ec6f333dccf761838a4b253d75e11f714b85ae271c9ae361367897b7", [:mix], [{:earmark, "~> 1.1", [hex: :earmark, repo: "hexpm", optional: false]}], "hexpm"},
  "ez_parser": {:git, "https://github.com/nanaki04/ez_parser.git", "a73374de7ae2a41b64e7e7afd1937384f068a836", []},
  "plant_uml_parser": {:git, "https://github.com/nanaki04/plant_uml_parser.git", "e5694d075fef88ced1e0aba931fc268966b5009f", []}}
